// !$*UTF8*$!
{
	archiveVersion = 1;
	classes = {
	};
	objectVersion = 50;
	objects = {

/* Begin PBXBuildFile section */
		0D4AA29622AF2453009D050C /* VoiceValuesDisplayView.swift in Sources */ = {isa = PBXBuildFile; fileRef = 0D4AA29522AF2453009D050C /* VoiceValuesDisplayView.swift */; };
		0D4AA29822AF2466009D050C /* VoiceValuesDisplayView.xib in Resources */ = {isa = PBXBuildFile; fileRef = 0D4AA29722AF2466009D050C /* VoiceValuesDisplayView.xib */; };
		0D4AA29A22AF2965009D050C /* VoiceSettingsView.swift in Sources */ = {isa = PBXBuildFile; fileRef = 0D4AA29922AF2965009D050C /* VoiceSettingsView.swift */; };
		0D4AA29C22AF297C009D050C /* VoiceSettingsView.xib in Resources */ = {isa = PBXBuildFile; fileRef = 0D4AA29B22AF297C009D050C /* VoiceSettingsView.xib */; };
		0D4AA29E22AF3B5D009D050C /* SoundAssistantCommon.swift in Sources */ = {isa = PBXBuildFile; fileRef = 0D4AA29D22AF3B5D009D050C /* SoundAssistantCommon.swift */; };
		0DD8B7F922A2858100FCDE86 /* AppDelegate.swift in Sources */ = {isa = PBXBuildFile; fileRef = 0DD8B7F822A2858100FCDE86 /* AppDelegate.swift */; };
		0DD8B7FB22A2858100FCDE86 /* ViewController.swift in Sources */ = {isa = PBXBuildFile; fileRef = 0DD8B7FA22A2858100FCDE86 /* ViewController.swift */; };
		0DD8B80022A2858300FCDE86 /* Assets.xcassets in Resources */ = {isa = PBXBuildFile; fileRef = 0DD8B7FF22A2858300FCDE86 /* Assets.xcassets */; };
		0DD8B80E22A2858300FCDE86 /* SoundAssistantTests.swift in Sources */ = {isa = PBXBuildFile; fileRef = 0DD8B80D22A2858300FCDE86 /* SoundAssistantTests.swift */; };
		0DD8B81922A2858300FCDE86 /* SoundAssistantUITests.swift in Sources */ = {isa = PBXBuildFile; fileRef = 0DD8B81822A2858300FCDE86 /* SoundAssistantUITests.swift */; };
		0DD8B84322A285CA00FCDE86 /* DecibelMeterHelper.m in Sources */ = {isa = PBXBuildFile; fileRef = 0DD8B82822A285CA00FCDE86 /* DecibelMeterHelper.m */; };
		0DD8B84422A285CA00FCDE86 /* kiss_fft.c in Sources */ = {isa = PBXBuildFile; fileRef = 0DD8B82A22A285CA00FCDE86 /* kiss_fft.c */; };
		0DD8B84522A285CA00FCDE86 /* SCListener.m in Sources */ = {isa = PBXBuildFile; fileRef = 0DD8B82B22A285CA00FCDE86 /* SCListener.m */; settings = {COMPILER_FLAGS = "-fno-objc-arc"; }; };
		0DD8B84622A285CA00FCDE86 /* kiss_fftr.c in Sources */ = {isa = PBXBuildFile; fileRef = 0DD8B82C22A285CA00FCDE86 /* kiss_fftr.c */; };
		0DD8B84722A285CA00FCDE86 /* README.markdown in Resources */ = {isa = PBXBuildFile; fileRef = 0DD8B83022A285CA00FCDE86 /* README.markdown */; };
		0DD8B84822A285CA00FCDE86 /* CHANGELOG.markdown in Resources */ = {isa = PBXBuildFile; fileRef = 0DD8B83122A285CA00FCDE86 /* CHANGELOG.markdown */; };
		0DD8B84922A285CA00FCDE86 /* LVRecordTool.m in Sources */ = {isa = PBXBuildFile; fileRef = 0DD8B83622A285CA00FCDE86 /* LVRecordTool.m */; };
		0DD8B84A22A285CA00FCDE86 /* LVRecordView.m in Sources */ = {isa = PBXBuildFile; fileRef = 0DD8B83822A285CA00FCDE86 /* LVRecordView.m */; };
		0DD8B84B22A285CA00FCDE86 /* LVRecordView.xib in Resources */ = {isa = PBXBuildFile; fileRef = 0DD8B83A22A285CA00FCDE86 /* LVRecordView.xib */; };
		0DD8B84C22A285CA00FCDE86 /* AudioHelper.swift in Sources */ = {isa = PBXBuildFile; fileRef = 0DD8B83D22A285CA00FCDE86 /* AudioHelper.swift */; };
		0DD8B84D22A285CA00FCDE86 /* NSString+SCAddition.m in Sources */ = {isa = PBXBuildFile; fileRef = 0DD8B83E22A285CA00FCDE86 /* NSString+SCAddition.m */; };
		0DD8B84E22A285CA00FCDE86 /* VoiceDataManager.swift in Sources */ = {isa = PBXBuildFile; fileRef = 0DD8B84022A285CA00FCDE86 /* VoiceDataManager.swift */; };
		0DD8B84F22A285CA00FCDE86 /* VoiceSampleUnit.swift in Sources */ = {isa = PBXBuildFile; fileRef = 0DD8B84222A285CA00FCDE86 /* VoiceSampleUnit.swift */; };
		0DD8B85122A2860400FCDE86 /* Main.storyboard in Resources */ = {isa = PBXBuildFile; fileRef = 0DD8B85022A2860400FCDE86 /* Main.storyboard */; };
		0DF81DE322ADDAF700269ADC /* RectangleIndicatorView.m in Sources */ = {isa = PBXBuildFile; fileRef = 0DF81DE122ADDAF700269ADC /* RectangleIndicatorView.m */; };
		0DF81DE422ADDAF700269ADC /* CircleIndicatorView.m in Sources */ = {isa = PBXBuildFile; fileRef = 0DF81DE222ADDAF700269ADC /* CircleIndicatorView.m */; };
		E3206474EDD582A2ED85E372 /* Pods_SoundAssistant.framework in Frameworks */ = {isa = PBXBuildFile; fileRef = 2DFB81C20A05C1E0F94EA559 /* Pods_SoundAssistant.framework */; };
/* End PBXBuildFile section */

/* Begin PBXContainerItemProxy section */
		0DD8B80A22A2858300FCDE86 /* PBXContainerItemProxy */ = {
			isa = PBXContainerItemProxy;
			containerPortal = 0DD8B7ED22A2858100FCDE86 /* Project object */;
			proxyType = 1;
			remoteGlobalIDString = 0DD8B7F422A2858100FCDE86;
			remoteInfo = SoundAssistant;
		};
		0DD8B81522A2858300FCDE86 /* PBXContainerItemProxy */ = {
			isa = PBXContainerItemProxy;
			containerPortal = 0DD8B7ED22A2858100FCDE86 /* Project object */;
			proxyType = 1;
			remoteGlobalIDString = 0DD8B7F422A2858100FCDE86;
			remoteInfo = SoundAssistant;
		};
/* End PBXContainerItemProxy section */

/* Begin PBXFileReference section */
		0D4AA29522AF2453009D050C /* VoiceValuesDisplayView.swift */ = {isa = PBXFileReference; lastKnownFileType = sourcecode.swift; path = VoiceValuesDisplayView.swift; sourceTree = "<group>"; };
		0D4AA29722AF2466009D050C /* VoiceValuesDisplayView.xib */ = {isa = PBXFileReference; lastKnownFileType = file.xib; path = VoiceValuesDisplayView.xib; sourceTree = "<group>"; };
		0D4AA29922AF2965009D050C /* VoiceSettingsView.swift */ = {isa = PBXFileReference; lastKnownFileType = sourcecode.swift; path = VoiceSettingsView.swift; sourceTree = "<group>"; };
		0D4AA29B22AF297C009D050C /* VoiceSettingsView.xib */ = {isa = PBXFileReference; lastKnownFileType = file.xib; path = VoiceSettingsView.xib; sourceTree = "<group>"; };
		0D4AA29D22AF3B5D009D050C /* SoundAssistantCommon.swift */ = {isa = PBXFileReference; lastKnownFileType = sourcecode.swift; path = SoundAssistantCommon.swift; sourceTree = "<group>"; };
		0DD8B7F522A2858100FCDE86 /* SoundAssistant.app */ = {isa = PBXFileReference; explicitFileType = wrapper.application; includeInIndex = 0; path = SoundAssistant.app; sourceTree = BUILT_PRODUCTS_DIR; };
		0DD8B7F822A2858100FCDE86 /* AppDelegate.swift */ = {isa = PBXFileReference; lastKnownFileType = sourcecode.swift; path = AppDelegate.swift; sourceTree = "<group>"; };
		0DD8B7FA22A2858100FCDE86 /* ViewController.swift */ = {isa = PBXFileReference; lastKnownFileType = sourcecode.swift; path = ViewController.swift; sourceTree = "<group>"; };
		0DD8B7FF22A2858300FCDE86 /* Assets.xcassets */ = {isa = PBXFileReference; lastKnownFileType = folder.assetcatalog; path = Assets.xcassets; sourceTree = "<group>"; };
		0DD8B80422A2858300FCDE86 /* Info.plist */ = {isa = PBXFileReference; lastKnownFileType = text.plist.xml; path = Info.plist; sourceTree = "<group>"; };
		0DD8B80922A2858300FCDE86 /* SoundAssistantTests.xctest */ = {isa = PBXFileReference; explicitFileType = wrapper.cfbundle; includeInIndex = 0; path = SoundAssistantTests.xctest; sourceTree = BUILT_PRODUCTS_DIR; };
		0DD8B80D22A2858300FCDE86 /* SoundAssistantTests.swift */ = {isa = PBXFileReference; lastKnownFileType = sourcecode.swift; path = SoundAssistantTests.swift; sourceTree = "<group>"; };
		0DD8B80F22A2858300FCDE86 /* Info.plist */ = {isa = PBXFileReference; lastKnownFileType = text.plist.xml; path = Info.plist; sourceTree = "<group>"; };
		0DD8B81422A2858300FCDE86 /* SoundAssistantUITests.xctest */ = {isa = PBXFileReference; explicitFileType = wrapper.cfbundle; includeInIndex = 0; path = SoundAssistantUITests.xctest; sourceTree = BUILT_PRODUCTS_DIR; };
		0DD8B81822A2858300FCDE86 /* SoundAssistantUITests.swift */ = {isa = PBXFileReference; lastKnownFileType = sourcecode.swift; path = SoundAssistantUITests.swift; sourceTree = "<group>"; };
		0DD8B81A22A2858300FCDE86 /* Info.plist */ = {isa = PBXFileReference; lastKnownFileType = text.plist.xml; path = Info.plist; sourceTree = "<group>"; };
		0DD8B82722A285CA00FCDE86 /* DecibelMeterHelper.h */ = {isa = PBXFileReference; fileEncoding = 4; lastKnownFileType = sourcecode.c.h; path = DecibelMeterHelper.h; sourceTree = "<group>"; };
		0DD8B82822A285CA00FCDE86 /* DecibelMeterHelper.m */ = {isa = PBXFileReference; fileEncoding = 4; lastKnownFileType = sourcecode.c.objc; path = DecibelMeterHelper.m; sourceTree = "<group>"; };
		0DD8B82A22A285CA00FCDE86 /* kiss_fft.c */ = {isa = PBXFileReference; fileEncoding = 4; lastKnownFileType = sourcecode.c.c; path = kiss_fft.c; sourceTree = "<group>"; };
		0DD8B82B22A285CA00FCDE86 /* SCListener.m */ = {isa = PBXFileReference; fileEncoding = 4; lastKnownFileType = sourcecode.c.objc; path = SCListener.m; sourceTree = "<group>"; };
		0DD8B82C22A285CA00FCDE86 /* kiss_fftr.c */ = {isa = PBXFileReference; fileEncoding = 4; lastKnownFileType = sourcecode.c.c; path = kiss_fftr.c; sourceTree = "<group>"; };
		0DD8B82D22A285CA00FCDE86 /* _kiss_fft_guts.h */ = {isa = PBXFileReference; fileEncoding = 4; lastKnownFileType = sourcecode.c.h; path = _kiss_fft_guts.h; sourceTree = "<group>"; };
		0DD8B82E22A285CA00FCDE86 /* SCListener.h */ = {isa = PBXFileReference; fileEncoding = 4; lastKnownFileType = sourcecode.c.h; path = SCListener.h; sourceTree = "<group>"; };
		0DD8B82F22A285CA00FCDE86 /* kiss_fft.h */ = {isa = PBXFileReference; fileEncoding = 4; lastKnownFileType = sourcecode.c.h; path = kiss_fft.h; sourceTree = "<group>"; };
		0DD8B83022A285CA00FCDE86 /* README.markdown */ = {isa = PBXFileReference; fileEncoding = 4; lastKnownFileType = net.daringfireball.markdown; path = README.markdown; sourceTree = "<group>"; };
		0DD8B83122A285CA00FCDE86 /* CHANGELOG.markdown */ = {isa = PBXFileReference; fileEncoding = 4; lastKnownFileType = net.daringfireball.markdown; path = CHANGELOG.markdown; sourceTree = "<group>"; };
		0DD8B83222A285CA00FCDE86 /* kiss_fftr.h */ = {isa = PBXFileReference; fileEncoding = 4; lastKnownFileType = sourcecode.c.h; path = kiss_fftr.h; sourceTree = "<group>"; };
		0DD8B83522A285CA00FCDE86 /* LVRecordTool.h */ = {isa = PBXFileReference; fileEncoding = 4; lastKnownFileType = sourcecode.c.h; path = LVRecordTool.h; sourceTree = "<group>"; };
		0DD8B83622A285CA00FCDE86 /* LVRecordTool.m */ = {isa = PBXFileReference; fileEncoding = 4; lastKnownFileType = sourcecode.c.objc; path = LVRecordTool.m; sourceTree = "<group>"; };
		0DD8B83822A285CA00FCDE86 /* LVRecordView.m */ = {isa = PBXFileReference; fileEncoding = 4; lastKnownFileType = sourcecode.c.objc; path = LVRecordView.m; sourceTree = "<group>"; };
		0DD8B83922A285CA00FCDE86 /* LVRecordView.h */ = {isa = PBXFileReference; fileEncoding = 4; lastKnownFileType = sourcecode.c.h; path = LVRecordView.h; sourceTree = "<group>"; };
		0DD8B83A22A285CA00FCDE86 /* LVRecordView.xib */ = {isa = PBXFileReference; fileEncoding = 4; lastKnownFileType = file.xib; path = LVRecordView.xib; sourceTree = "<group>"; };
		0DD8B83D22A285CA00FCDE86 /* AudioHelper.swift */ = {isa = PBXFileReference; fileEncoding = 4; lastKnownFileType = sourcecode.swift; path = AudioHelper.swift; sourceTree = "<group>"; };
		0DD8B83E22A285CA00FCDE86 /* NSString+SCAddition.m */ = {isa = PBXFileReference; fileEncoding = 4; lastKnownFileType = sourcecode.c.objc; path = "NSString+SCAddition.m"; sourceTree = "<group>"; };
		0DD8B83F22A285CA00FCDE86 /* NSString+SCAddition.h */ = {isa = PBXFileReference; fileEncoding = 4; lastKnownFileType = sourcecode.c.h; path = "NSString+SCAddition.h"; sourceTree = "<group>"; };
		0DD8B84022A285CA00FCDE86 /* VoiceDataManager.swift */ = {isa = PBXFileReference; fileEncoding = 4; lastKnownFileType = sourcecode.swift; path = VoiceDataManager.swift; sourceTree = "<group>"; };
		0DD8B84222A285CA00FCDE86 /* VoiceSampleUnit.swift */ = {isa = PBXFileReference; fileEncoding = 4; lastKnownFileType = sourcecode.swift; path = VoiceSampleUnit.swift; sourceTree = "<group>"; };
		0DD8B85022A2860400FCDE86 /* Main.storyboard */ = {isa = PBXFileReference; fileEncoding = 4; lastKnownFileType = file.storyboard; path = Main.storyboard; sourceTree = "<group>"; };
		0DD8B85222A2862800FCDE86 /* Assistant-Bridge.h */ = {isa = PBXFileReference; lastKnownFileType = sourcecode.c.h; path = "Assistant-Bridge.h"; sourceTree = "<group>"; };
		0DF81DDF22ADDAF700269ADC /* RectangleIndicatorView.h */ = {isa = PBXFileReference; fileEncoding = 4; lastKnownFileType = sourcecode.c.h; path = RectangleIndicatorView.h; sourceTree = "<group>"; };
		0DF81DE022ADDAF700269ADC /* CircleIndicatorView.h */ = {isa = PBXFileReference; fileEncoding = 4; lastKnownFileType = sourcecode.c.h; path = CircleIndicatorView.h; sourceTree = "<group>"; };
		0DF81DE122ADDAF700269ADC /* RectangleIndicatorView.m */ = {isa = PBXFileReference; fileEncoding = 4; lastKnownFileType = sourcecode.c.objc; path = RectangleIndicatorView.m; sourceTree = "<group>"; };
		0DF81DE222ADDAF700269ADC /* CircleIndicatorView.m */ = {isa = PBXFileReference; fileEncoding = 4; lastKnownFileType = sourcecode.c.objc; path = CircleIndicatorView.m; sourceTree = "<group>"; };
		2DFB81C20A05C1E0F94EA559 /* Pods_SoundAssistant.framework */ = {isa = PBXFileReference; explicitFileType = wrapper.framework; includeInIndex = 0; path = Pods_SoundAssistant.framework; sourceTree = BUILT_PRODUCTS_DIR; };
		883AE9F786CEBEC88DDCC508 /* Pods-SoundAssistant.debug.xcconfig */ = {isa = PBXFileReference; includeInIndex = 1; lastKnownFileType = text.xcconfig; name = "Pods-SoundAssistant.debug.xcconfig"; path = "Target Support Files/Pods-SoundAssistant/Pods-SoundAssistant.debug.xcconfig"; sourceTree = "<group>"; };
		9CD9EA98C3A08D189A347105 /* Pods-SoundAssistant.release.xcconfig */ = {isa = PBXFileReference; includeInIndex = 1; lastKnownFileType = text.xcconfig; name = "Pods-SoundAssistant.release.xcconfig"; path = "Target Support Files/Pods-SoundAssistant/Pods-SoundAssistant.release.xcconfig"; sourceTree = "<group>"; };
/* End PBXFileReference section */

/* Begin PBXFrameworksBuildPhase section */
		0DD8B7F222A2858100FCDE86 /* Frameworks */ = {
			isa = PBXFrameworksBuildPhase;
			buildActionMask = 2147483647;
			files = (
				E3206474EDD582A2ED85E372 /* Pods_SoundAssistant.framework in Frameworks */,
			);
			runOnlyForDeploymentPostprocessing = 0;
		};
		0DD8B80622A2858300FCDE86 /* Frameworks */ = {
			isa = PBXFrameworksBuildPhase;
			buildActionMask = 2147483647;
			files = (
			);
			runOnlyForDeploymentPostprocessing = 0;
		};
		0DD8B81122A2858300FCDE86 /* Frameworks */ = {
			isa = PBXFrameworksBuildPhase;
			buildActionMask = 2147483647;
			files = (
			);
			runOnlyForDeploymentPostprocessing = 0;
		};
/* End PBXFrameworksBuildPhase section */

/* Begin PBXGroup section */
		0D4AA29422AF23E8009D050C /* Views */ = {
			isa = PBXGroup;
			children = (
				0D4AA29522AF2453009D050C /* VoiceValuesDisplayView.swift */,
				0D4AA29722AF2466009D050C /* VoiceValuesDisplayView.xib */,
				0D4AA29922AF2965009D050C /* VoiceSettingsView.swift */,
				0D4AA29B22AF297C009D050C /* VoiceSettingsView.xib */,
			);
			path = Views;
			sourceTree = "<group>";
		};
		0DD8B7EC22A2858100FCDE86 = {
			isa = PBXGroup;
			children = (
				0DD8B7F722A2858100FCDE86 /* SoundAssistant */,
				0DD8B80C22A2858300FCDE86 /* SoundAssistantTests */,
				0DD8B81722A2858300FCDE86 /* SoundAssistantUITests */,
				0DD8B7F622A2858100FCDE86 /* Products */,
				7CDF655861326FE1FA1C9221 /* Pods */,
				4A2595E36A4DC41F1544A4FB /* Frameworks */,
			);
			sourceTree = "<group>";
		};
		0DD8B7F622A2858100FCDE86 /* Products */ = {
			isa = PBXGroup;
			children = (
				0DD8B7F522A2858100FCDE86 /* SoundAssistant.app */,
				0DD8B80922A2858300FCDE86 /* SoundAssistantTests.xctest */,
				0DD8B81422A2858300FCDE86 /* SoundAssistantUITests.xctest */,
			);
			name = Products;
			sourceTree = "<group>";
		};
		0DD8B7F722A2858100FCDE86 /* SoundAssistant */ = {
			isa = PBXGroup;
			children = (
				0DD8B83B22A285CA00FCDE86 /* VoiceDataManager */,
				0DD8B7F822A2858100FCDE86 /* AppDelegate.swift */,
				0DD8B7FA22A2858100FCDE86 /* ViewController.swift */,
				0DD8B85022A2860400FCDE86 /* Main.storyboard */,
				0DD8B7FF22A2858300FCDE86 /* Assets.xcassets */,
				0DD8B80422A2858300FCDE86 /* Info.plist */,
				0DD8B85222A2862800FCDE86 /* Assistant-Bridge.h */,
			);
			path = SoundAssistant;
			sourceTree = "<group>";
		};
		0DD8B80C22A2858300FCDE86 /* SoundAssistantTests */ = {
			isa = PBXGroup;
			children = (
				0DD8B80D22A2858300FCDE86 /* SoundAssistantTests.swift */,
				0DD8B80F22A2858300FCDE86 /* Info.plist */,
			);
			path = SoundAssistantTests;
			sourceTree = "<group>";
		};
		0DD8B81722A2858300FCDE86 /* SoundAssistantUITests */ = {
			isa = PBXGroup;
			children = (
				0DD8B81822A2858300FCDE86 /* SoundAssistantUITests.swift */,
				0DD8B81A22A2858300FCDE86 /* Info.plist */,
			);
			path = SoundAssistantUITests;
			sourceTree = "<group>";
		};
		0DD8B82622A285CA00FCDE86 /* DecibelMeter */ = {
			isa = PBXGroup;
			children = (
				0DD8B82722A285CA00FCDE86 /* DecibelMeterHelper.h */,
				0DD8B82822A285CA00FCDE86 /* DecibelMeterHelper.m */,
			);
			path = DecibelMeter;
			sourceTree = "<group>";
		};
		0DD8B82922A285CA00FCDE86 /* SCListener */ = {
			isa = PBXGroup;
			children = (
				0DD8B82A22A285CA00FCDE86 /* kiss_fft.c */,
				0DD8B82B22A285CA00FCDE86 /* SCListener.m */,
				0DD8B82C22A285CA00FCDE86 /* kiss_fftr.c */,
				0DD8B82D22A285CA00FCDE86 /* _kiss_fft_guts.h */,
				0DD8B82E22A285CA00FCDE86 /* SCListener.h */,
				0DD8B82F22A285CA00FCDE86 /* kiss_fft.h */,
				0DD8B83022A285CA00FCDE86 /* README.markdown */,
				0DD8B83122A285CA00FCDE86 /* CHANGELOG.markdown */,
				0DD8B83222A285CA00FCDE86 /* kiss_fftr.h */,
			);
			path = SCListener;
			sourceTree = "<group>";
		};
		0DD8B83322A285CA00FCDE86 /* RecordAndPlayVoice */ = {
			isa = PBXGroup;
			children = (
				0DD8B83422A285CA00FCDE86 /* Classes */,
				0DD8B83722A285CA00FCDE86 /* CustomView */,
			);
			path = RecordAndPlayVoice;
			sourceTree = "<group>";
		};
		0DD8B83422A285CA00FCDE86 /* Classes */ = {
			isa = PBXGroup;
			children = (
				0DD8B83522A285CA00FCDE86 /* LVRecordTool.h */,
				0DD8B83622A285CA00FCDE86 /* LVRecordTool.m */,
			);
			path = Classes;
			sourceTree = "<group>";
		};
		0DD8B83722A285CA00FCDE86 /* CustomView */ = {
			isa = PBXGroup;
			children = (
				0DD8B83822A285CA00FCDE86 /* LVRecordView.m */,
				0DD8B83922A285CA00FCDE86 /* LVRecordView.h */,
				0DD8B83A22A285CA00FCDE86 /* LVRecordView.xib */,
			);
			path = CustomView;
			sourceTree = "<group>";
		};
		0DD8B83B22A285CA00FCDE86 /* VoiceDataManager */ = {
			isa = PBXGroup;
			children = (
				0D4AA29422AF23E8009D050C /* Views */,
				0DD8B83C22A285CA00FCDE86 /* Tools */,
				0DD8B84022A285CA00FCDE86 /* VoiceDataManager.swift */,
				0DD8B84122A285CA00FCDE86 /* Model */,
			);
			path = VoiceDataManager;
			sourceTree = "<group>";
		};
		0DD8B83C22A285CA00FCDE86 /* Tools */ = {
			isa = PBXGroup;
			children = (
				0DF81DDE22ADDAF700269ADC /* IndicatorView */,
				0DD8B82622A285CA00FCDE86 /* DecibelMeter */,
				0DD8B83322A285CA00FCDE86 /* RecordAndPlayVoice */,
				0DD8B82922A285CA00FCDE86 /* SCListener */,
				0DD8B83D22A285CA00FCDE86 /* AudioHelper.swift */,
				0DD8B83E22A285CA00FCDE86 /* NSString+SCAddition.m */,
				0DD8B83F22A285CA00FCDE86 /* NSString+SCAddition.h */,
				0D4AA29D22AF3B5D009D050C /* SoundAssistantCommon.swift */,
			);
			path = Tools;
			sourceTree = "<group>";
		};
		0DD8B84122A285CA00FCDE86 /* Model */ = {
			isa = PBXGroup;
			children = (
				0DD8B84222A285CA00FCDE86 /* VoiceSampleUnit.swift */,
			);
			path = Model;
			sourceTree = "<group>";
		};
		0DF81DDE22ADDAF700269ADC /* IndicatorView */ = {
			isa = PBXGroup;
			children = (
				0DF81DDF22ADDAF700269ADC /* RectangleIndicatorView.h */,
				0DF81DE022ADDAF700269ADC /* CircleIndicatorView.h */,
				0DF81DE122ADDAF700269ADC /* RectangleIndicatorView.m */,
				0DF81DE222ADDAF700269ADC /* CircleIndicatorView.m */,
			);
			path = IndicatorView;
			sourceTree = "<group>";
		};
		4A2595E36A4DC41F1544A4FB /* Frameworks */ = {
			isa = PBXGroup;
			children = (
				2DFB81C20A05C1E0F94EA559 /* Pods_SoundAssistant.framework */,
			);
			name = Frameworks;
			sourceTree = "<group>";
		};
		7CDF655861326FE1FA1C9221 /* Pods */ = {
			isa = PBXGroup;
			children = (
				883AE9F786CEBEC88DDCC508 /* Pods-SoundAssistant.debug.xcconfig */,
				9CD9EA98C3A08D189A347105 /* Pods-SoundAssistant.release.xcconfig */,
			);
			path = Pods;
			sourceTree = "<group>";
		};
/* End PBXGroup section */

/* Begin PBXNativeTarget section */
		0DD8B7F422A2858100FCDE86 /* SoundAssistant */ = {
			isa = PBXNativeTarget;
			buildConfigurationList = 0DD8B81D22A2858300FCDE86 /* Build configuration list for PBXNativeTarget "SoundAssistant" */;
			buildPhases = (
				ABBA1C229F3047F8F5E10E48 /* [CP] Check Pods Manifest.lock */,
				0DD8B7F122A2858100FCDE86 /* Sources */,
				0DD8B7F222A2858100FCDE86 /* Frameworks */,
				0DD8B7F322A2858100FCDE86 /* Resources */,
				547473EEE7102457724A5AF4 /* [CP] Embed Pods Frameworks */,
			);
			buildRules = (
			);
			dependencies = (
			);
			name = SoundAssistant;
			productName = SoundAssistant;
			productReference = 0DD8B7F522A2858100FCDE86 /* SoundAssistant.app */;
			productType = "com.apple.product-type.application";
		};
		0DD8B80822A2858300FCDE86 /* SoundAssistantTests */ = {
			isa = PBXNativeTarget;
			buildConfigurationList = 0DD8B82022A2858300FCDE86 /* Build configuration list for PBXNativeTarget "SoundAssistantTests" */;
			buildPhases = (
				0DD8B80522A2858300FCDE86 /* Sources */,
				0DD8B80622A2858300FCDE86 /* Frameworks */,
				0DD8B80722A2858300FCDE86 /* Resources */,
			);
			buildRules = (
			);
			dependencies = (
				0DD8B80B22A2858300FCDE86 /* PBXTargetDependency */,
			);
			name = SoundAssistantTests;
			productName = SoundAssistantTests;
			productReference = 0DD8B80922A2858300FCDE86 /* SoundAssistantTests.xctest */;
			productType = "com.apple.product-type.bundle.unit-test";
		};
		0DD8B81322A2858300FCDE86 /* SoundAssistantUITests */ = {
			isa = PBXNativeTarget;
			buildConfigurationList = 0DD8B82322A2858300FCDE86 /* Build configuration list for PBXNativeTarget "SoundAssistantUITests" */;
			buildPhases = (
				0DD8B81022A2858300FCDE86 /* Sources */,
				0DD8B81122A2858300FCDE86 /* Frameworks */,
				0DD8B81222A2858300FCDE86 /* Resources */,
			);
			buildRules = (
			);
			dependencies = (
				0DD8B81622A2858300FCDE86 /* PBXTargetDependency */,
			);
			name = SoundAssistantUITests;
			productName = SoundAssistantUITests;
			productReference = 0DD8B81422A2858300FCDE86 /* SoundAssistantUITests.xctest */;
			productType = "com.apple.product-type.bundle.ui-testing";
		};
/* End PBXNativeTarget section */

/* Begin PBXProject section */
		0DD8B7ED22A2858100FCDE86 /* Project object */ = {
			isa = PBXProject;
			attributes = {
				LastSwiftUpdateCheck = 1020;
				LastUpgradeCheck = 1020;
				ORGANIZATIONNAME = "Stephen Cao";
				TargetAttributes = {
					0DD8B7F422A2858100FCDE86 = {
						CreatedOnToolsVersion = 10.2.1;
					};
					0DD8B80822A2858300FCDE86 = {
						CreatedOnToolsVersion = 10.2.1;
						TestTargetID = 0DD8B7F422A2858100FCDE86;
					};
					0DD8B81322A2858300FCDE86 = {
						CreatedOnToolsVersion = 10.2.1;
						TestTargetID = 0DD8B7F422A2858100FCDE86;
					};
				};
			};
			buildConfigurationList = 0DD8B7F022A2858100FCDE86 /* Build configuration list for PBXProject "SoundAssistant" */;
			compatibilityVersion = "Xcode 9.3";
			developmentRegion = en;
			hasScannedForEncodings = 0;
			knownRegions = (
				en,
				Base,
			);
			mainGroup = 0DD8B7EC22A2858100FCDE86;
			productRefGroup = 0DD8B7F622A2858100FCDE86 /* Products */;
			projectDirPath = "";
			projectRoot = "";
			targets = (
				0DD8B7F422A2858100FCDE86 /* SoundAssistant */,
				0DD8B80822A2858300FCDE86 /* SoundAssistantTests */,
				0DD8B81322A2858300FCDE86 /* SoundAssistantUITests */,
			);
		};
/* End PBXProject section */

/* Begin PBXResourcesBuildPhase section */
		0DD8B7F322A2858100FCDE86 /* Resources */ = {
			isa = PBXResourcesBuildPhase;
			buildActionMask = 2147483647;
			files = (
				0D4AA29C22AF297C009D050C /* VoiceSettingsView.xib in Resources */,
				0DD8B84822A285CA00FCDE86 /* CHANGELOG.markdown in Resources */,
				0DD8B80022A2858300FCDE86 /* Assets.xcassets in Resources */,
				0D4AA29822AF2466009D050C /* VoiceValuesDisplayView.xib in Resources */,
				0DD8B85122A2860400FCDE86 /* Main.storyboard in Resources */,
				0DD8B84B22A285CA00FCDE86 /* LVRecordView.xib in Resources */,
				0DD8B84722A285CA00FCDE86 /* README.markdown in Resources */,
			);
			runOnlyForDeploymentPostprocessing = 0;
		};
		0DD8B80722A2858300FCDE86 /* Resources */ = {
			isa = PBXResourcesBuildPhase;
			buildActionMask = 2147483647;
			files = (
			);
			runOnlyForDeploymentPostprocessing = 0;
		};
		0DD8B81222A2858300FCDE86 /* Resources */ = {
			isa = PBXResourcesBuildPhase;
			buildActionMask = 2147483647;
			files = (
			);
			runOnlyForDeploymentPostprocessing = 0;
		};
/* End PBXResourcesBuildPhase section */

/* Begin PBXShellScriptBuildPhase section */
		547473EEE7102457724A5AF4 /* [CP] Embed Pods Frameworks */ = {
			isa = PBXShellScriptBuildPhase;
			buildActionMask = 2147483647;
			files = (
			);
			inputFileListPaths = (
			);
			inputPaths = (
				"${PODS_ROOT}/Target Support Files/Pods-SoundAssistant/Pods-SoundAssistant-frameworks.sh",
				"${BUILT_PRODUCTS_DIR}/AudioIndicatorBars/AudioIndicatorBars.framework",
				"${BUILT_PRODUCTS_DIR}/SVProgressHUD/SVProgressHUD.framework",
			);
			name = "[CP] Embed Pods Frameworks";
			outputFileListPaths = (
			);
			outputPaths = (
				"${TARGET_BUILD_DIR}/${FRAMEWORKS_FOLDER_PATH}/AudioIndicatorBars.framework",
				"${TARGET_BUILD_DIR}/${FRAMEWORKS_FOLDER_PATH}/SVProgressHUD.framework",
			);
			runOnlyForDeploymentPostprocessing = 0;
			shellPath = /bin/sh;
			shellScript = "\"${PODS_ROOT}/Target Support Files/Pods-SoundAssistant/Pods-SoundAssistant-frameworks.sh\"\n";
			showEnvVarsInLog = 0;
		};
		ABBA1C229F3047F8F5E10E48 /* [CP] Check Pods Manifest.lock */ = {
			isa = PBXShellScriptBuildPhase;
			buildActionMask = 2147483647;
			files = (
			);
			inputFileListPaths = (
			);
			inputPaths = (
				"${PODS_PODFILE_DIR_PATH}/Podfile.lock",
				"${PODS_ROOT}/Manifest.lock",
			);
			name = "[CP] Check Pods Manifest.lock";
			outputFileListPaths = (
			);
			outputPaths = (
				"$(DERIVED_FILE_DIR)/Pods-SoundAssistant-checkManifestLockResult.txt",
			);
			runOnlyForDeploymentPostprocessing = 0;
			shellPath = /bin/sh;
			shellScript = "diff \"${PODS_PODFILE_DIR_PATH}/Podfile.lock\" \"${PODS_ROOT}/Manifest.lock\" > /dev/null\nif [ $? != 0 ] ; then\n    # print error to STDERR\n    echo \"error: The sandbox is not in sync with the Podfile.lock. Run 'pod install' or update your CocoaPods installation.\" >&2\n    exit 1\nfi\n# This output is used by Xcode 'outputs' to avoid re-running this script phase.\necho \"SUCCESS\" > \"${SCRIPT_OUTPUT_FILE_0}\"\n";
			showEnvVarsInLog = 0;
		};
/* End PBXShellScriptBuildPhase section */

/* Begin PBXSourcesBuildPhase section */
		0DD8B7F122A2858100FCDE86 /* Sources */ = {
			isa = PBXSourcesBuildPhase;
			buildActionMask = 2147483647;
			files = (
				0DF81DE322ADDAF700269ADC /* RectangleIndicatorView.m in Sources */,
				0DD8B84922A285CA00FCDE86 /* LVRecordTool.m in Sources */,
				0DD8B84422A285CA00FCDE86 /* kiss_fft.c in Sources */,
				0DD8B84322A285CA00FCDE86 /* DecibelMeterHelper.m in Sources */,
				0D4AA29A22AF2965009D050C /* VoiceSettingsView.swift in Sources */,
				0DD8B84C22A285CA00FCDE86 /* AudioHelper.swift in Sources */,
				0DD8B7FB22A2858100FCDE86 /* ViewController.swift in Sources */,
				0DD8B84522A285CA00FCDE86 /* SCListener.m in Sources */,
				0DD8B84A22A285CA00FCDE86 /* LVRecordView.m in Sources */,
				0DD8B84E22A285CA00FCDE86 /* VoiceDataManager.swift in Sources */,
				0DD8B84F22A285CA00FCDE86 /* VoiceSampleUnit.swift in Sources */,
				0D4AA29E22AF3B5D009D050C /* SoundAssistantCommon.swift in Sources */,
				0DF81DE422ADDAF700269ADC /* CircleIndicatorView.m in Sources */,
				0D4AA29622AF2453009D050C /* VoiceValuesDisplayView.swift in Sources */,
				0DD8B7F922A2858100FCDE86 /* AppDelegate.swift in Sources */,
				0DD8B84622A285CA00FCDE86 /* kiss_fftr.c in Sources */,
				0DD8B84D22A285CA00FCDE86 /* NSString+SCAddition.m in Sources */,
			);
			runOnlyForDeploymentPostprocessing = 0;
		};
		0DD8B80522A2858300FCDE86 /* Sources */ = {
			isa = PBXSourcesBuildPhase;
			buildActionMask = 2147483647;
			files = (
				0DD8B80E22A2858300FCDE86 /* SoundAssistantTests.swift in Sources */,
			);
			runOnlyForDeploymentPostprocessing = 0;
		};
		0DD8B81022A2858300FCDE86 /* Sources */ = {
			isa = PBXSourcesBuildPhase;
			buildActionMask = 2147483647;
			files = (
				0DD8B81922A2858300FCDE86 /* SoundAssistantUITests.swift in Sources */,
			);
			runOnlyForDeploymentPostprocessing = 0;
		};
/* End PBXSourcesBuildPhase section */

/* Begin PBXTargetDependency section */
		0DD8B80B22A2858300FCDE86 /* PBXTargetDependency */ = {
			isa = PBXTargetDependency;
			target = 0DD8B7F422A2858100FCDE86 /* SoundAssistant */;
			targetProxy = 0DD8B80A22A2858300FCDE86 /* PBXContainerItemProxy */;
		};
		0DD8B81622A2858300FCDE86 /* PBXTargetDependency */ = {
			isa = PBXTargetDependency;
			target = 0DD8B7F422A2858100FCDE86 /* SoundAssistant */;
			targetProxy = 0DD8B81522A2858300FCDE86 /* PBXContainerItemProxy */;
		};
/* End PBXTargetDependency section */

/* Begin XCBuildConfiguration section */
		0DD8B81B22A2858300FCDE86 /* Debug */ = {
			isa = XCBuildConfiguration;
			buildSettings = {
				ALWAYS_SEARCH_USER_PATHS = NO;
				CLANG_ANALYZER_NONNULL = YES;
				CLANG_ANALYZER_NUMBER_OBJECT_CONVERSION = YES_AGGRESSIVE;
				CLANG_CXX_LANGUAGE_STANDARD = "gnu++14";
				CLANG_CXX_LIBRARY = "libc++";
				CLANG_ENABLE_MODULES = YES;
				CLANG_ENABLE_OBJC_ARC = YES;
				CLANG_ENABLE_OBJC_WEAK = YES;
				CLANG_WARN_BLOCK_CAPTURE_AUTORELEASING = YES;
				CLANG_WARN_BOOL_CONVERSION = YES;
				CLANG_WARN_COMMA = YES;
				CLANG_WARN_CONSTANT_CONVERSION = YES;
				CLANG_WARN_DEPRECATED_OBJC_IMPLEMENTATIONS = YES;
				CLANG_WARN_DIRECT_OBJC_ISA_USAGE = YES_ERROR;
				CLANG_WARN_DOCUMENTATION_COMMENTS = YES;
				CLANG_WARN_EMPTY_BODY = YES;
				CLANG_WARN_ENUM_CONVERSION = YES;
				CLANG_WARN_INFINITE_RECURSION = YES;
				CLANG_WARN_INT_CONVERSION = YES;
				CLANG_WARN_NON_LITERAL_NULL_CONVERSION = YES;
				CLANG_WARN_OBJC_IMPLICIT_RETAIN_SELF = YES;
				CLANG_WARN_OBJC_LITERAL_CONVERSION = YES;
				CLANG_WARN_OBJC_ROOT_CLASS = YES_ERROR;
				CLANG_WARN_RANGE_LOOP_ANALYSIS = YES;
				CLANG_WARN_STRICT_PROTOTYPES = YES;
				CLANG_WARN_SUSPICIOUS_MOVE = YES;
				CLANG_WARN_UNGUARDED_AVAILABILITY = YES_AGGRESSIVE;
				CLANG_WARN_UNREACHABLE_CODE = YES;
				CLANG_WARN__DUPLICATE_METHOD_MATCH = YES;
				CODE_SIGN_IDENTITY = "iPhone Developer";
				COPY_PHASE_STRIP = NO;
				DEBUG_INFORMATION_FORMAT = dwarf;
				ENABLE_STRICT_OBJC_MSGSEND = YES;
				ENABLE_TESTABILITY = YES;
				GCC_C_LANGUAGE_STANDARD = gnu11;
				GCC_DYNAMIC_NO_PIC = NO;
				GCC_NO_COMMON_BLOCKS = YES;
				GCC_OPTIMIZATION_LEVEL = 0;
				GCC_PREPROCESSOR_DEFINITIONS = (
					"DEBUG=1",
					"$(inherited)",
				);
				GCC_WARN_64_TO_32_BIT_CONVERSION = YES;
				GCC_WARN_ABOUT_RETURN_TYPE = YES_ERROR;
				GCC_WARN_UNDECLARED_SELECTOR = YES;
				GCC_WARN_UNINITIALIZED_AUTOS = YES_AGGRESSIVE;
				GCC_WARN_UNUSED_FUNCTION = YES;
				GCC_WARN_UNUSED_VARIABLE = YES;
				IPHONEOS_DEPLOYMENT_TARGET = 12.2;
				MTL_ENABLE_DEBUG_INFO = INCLUDE_SOURCE;
				MTL_FAST_MATH = YES;
				ONLY_ACTIVE_ARCH = YES;
				SDKROOT = iphoneos;
				SWIFT_ACTIVE_COMPILATION_CONDITIONS = DEBUG;
				SWIFT_OPTIMIZATION_LEVEL = "-Onone";
			};
			name = Debug;
		};
		0DD8B81C22A2858300FCDE86 /* Release */ = {
			isa = XCBuildConfiguration;
			buildSettings = {
				ALWAYS_SEARCH_USER_PATHS = NO;
				CLANG_ANALYZER_NONNULL = YES;
				CLANG_ANALYZER_NUMBER_OBJECT_CONVERSION = YES_AGGRESSIVE;
				CLANG_CXX_LANGUAGE_STANDARD = "gnu++14";
				CLANG_CXX_LIBRARY = "libc++";
				CLANG_ENABLE_MODULES = YES;
				CLANG_ENABLE_OBJC_ARC = YES;
				CLANG_ENABLE_OBJC_WEAK = YES;
				CLANG_WARN_BLOCK_CAPTURE_AUTORELEASING = YES;
				CLANG_WARN_BOOL_CONVERSION = YES;
				CLANG_WARN_COMMA = YES;
				CLANG_WARN_CONSTANT_CONVERSION = YES;
				CLANG_WARN_DEPRECATED_OBJC_IMPLEMENTATIONS = YES;
				CLANG_WARN_DIRECT_OBJC_ISA_USAGE = YES_ERROR;
				CLANG_WARN_DOCUMENTATION_COMMENTS = YES;
				CLANG_WARN_EMPTY_BODY = YES;
				CLANG_WARN_ENUM_CONVERSION = YES;
				CLANG_WARN_INFINITE_RECURSION = YES;
				CLANG_WARN_INT_CONVERSION = YES;
				CLANG_WARN_NON_LITERAL_NULL_CONVERSION = YES;
				CLANG_WARN_OBJC_IMPLICIT_RETAIN_SELF = YES;
				CLANG_WARN_OBJC_LITERAL_CONVERSION = YES;
				CLANG_WARN_OBJC_ROOT_CLASS = YES_ERROR;
				CLANG_WARN_RANGE_LOOP_ANALYSIS = YES;
				CLANG_WARN_STRICT_PROTOTYPES = YES;
				CLANG_WARN_SUSPICIOUS_MOVE = YES;
				CLANG_WARN_UNGUARDED_AVAILABILITY = YES_AGGRESSIVE;
				CLANG_WARN_UNREACHABLE_CODE = YES;
				CLANG_WARN__DUPLICATE_METHOD_MATCH = YES;
				CODE_SIGN_IDENTITY = "iPhone Developer";
				COPY_PHASE_STRIP = NO;
				DEBUG_INFORMATION_FORMAT = "dwarf-with-dsym";
				ENABLE_NS_ASSERTIONS = NO;
				ENABLE_STRICT_OBJC_MSGSEND = YES;
				GCC_C_LANGUAGE_STANDARD = gnu11;
				GCC_NO_COMMON_BLOCKS = YES;
				GCC_WARN_64_TO_32_BIT_CONVERSION = YES;
				GCC_WARN_ABOUT_RETURN_TYPE = YES_ERROR;
				GCC_WARN_UNDECLARED_SELECTOR = YES;
				GCC_WARN_UNINITIALIZED_AUTOS = YES_AGGRESSIVE;
				GCC_WARN_UNUSED_FUNCTION = YES;
				GCC_WARN_UNUSED_VARIABLE = YES;
				IPHONEOS_DEPLOYMENT_TARGET = 12.2;
				MTL_ENABLE_DEBUG_INFO = NO;
				MTL_FAST_MATH = YES;
				SDKROOT = iphoneos;
				SWIFT_COMPILATION_MODE = wholemodule;
				SWIFT_OPTIMIZATION_LEVEL = "-O";
				VALIDATE_PRODUCT = YES;
			};
			name = Release;
		};
		0DD8B81E22A2858300FCDE86 /* Debug */ = {
			isa = XCBuildConfiguration;
			baseConfigurationReference = 883AE9F786CEBEC88DDCC508 /* Pods-SoundAssistant.debug.xcconfig */;
			buildSettings = {
				ASSETCATALOG_COMPILER_APPICON_NAME = AppIcon;
				ASSETCATALOG_COMPILER_LAUNCHIMAGE_NAME = LaunchImage;
				CODE_SIGN_IDENTITY = "iPhone Distribution: Rui Cao (3CB5U428B8)";
				CODE_SIGN_STYLE = Manual;
				DEVELOPMENT_TEAM = 3CB5U428B8;
				INFOPLIST_FILE = SoundAssistant/Info.plist;
				LD_RUNPATH_SEARCH_PATHS = (
					"$(inherited)",
					"@executable_path/Frameworks",
				);
				PRODUCT_BUNDLE_IDENTIFIER = com.stephencao.project.SoundAssistant;
				PRODUCT_NAME = "$(TARGET_NAME)";
				PROVISIONING_PROFILE_SPECIFIER = "Sound Detector";
				SWIFT_OBJC_BRIDGING_HEADER = "SoundAssistant/Assistant-Bridge.h";
				SWIFT_VERSION = 5.0;
				TARGETED_DEVICE_FAMILY = "1,2";
			};
			name = Debug;
		};
		0DD8B81F22A2858300FCDE86 /* Release */ = {
			isa = XCBuildConfiguration;
			baseConfigurationReference = 9CD9EA98C3A08D189A347105 /* Pods-SoundAssistant.release.xcconfig */;
			buildSettings = {
				ASSETCATALOG_COMPILER_APPICON_NAME = AppIcon;
				ASSETCATALOG_COMPILER_LAUNCHIMAGE_NAME = LaunchImage;
				CODE_SIGN_IDENTITY = "iPhone Distribution: Rui Cao (3CB5U428B8)";
				CODE_SIGN_STYLE = Manual;
				DEVELOPMENT_TEAM = 3CB5U428B8;
				INFOPLIST_FILE = SoundAssistant/Info.plist;
				LD_RUNPATH_SEARCH_PATHS = (
					"$(inherited)",
					"@executable_path/Frameworks",
				);
				PRODUCT_BUNDLE_IDENTIFIER = com.stephencao.project.SoundAssistant;
				PRODUCT_NAME = "$(TARGET_NAME)";
				PROVISIONING_PROFILE_SPECIFIER = "Sound Detector";
				SWIFT_OBJC_BRIDGING_HEADER = "SoundAssistant/Assistant-Bridge.h";
				SWIFT_VERSION = 5.0;
				TARGETED_DEVICE_FAMILY = "1,2";
			};
			name = Release;
		};
		0DD8B82122A2858300FCDE86 /* Debug */ = {
			isa = XCBuildConfiguration;
			buildSettings = {
				ALWAYS_EMBED_SWIFT_STANDARD_LIBRARIES = YES;
				BUNDLE_LOADER = "$(TEST_HOST)";
				CODE_SIGN_STYLE = Automatic;
				INFOPLIST_FILE = SoundAssistantTests/Info.plist;
				LD_RUNPATH_SEARCH_PATHS = (
					"$(inherited)",
					"@executable_path/Frameworks",
					"@loader_path/Frameworks",
				);
				PRODUCT_BUNDLE_IDENTIFIER = com.stephencao.project.SoundAssistantTests;
				PRODUCT_NAME = "$(TARGET_NAME)";
				SWIFT_VERSION = 5.0;
				TARGETED_DEVICE_FAMILY = "1,2";
				TEST_HOST = "$(BUILT_PRODUCTS_DIR)/SoundAssistant.app/SoundAssistant";
			};
			name = Debug;
		};
		0DD8B82222A2858300FCDE86 /* Release */ = {
			isa = XCBuildConfiguration;
			buildSettings = {
				ALWAYS_EMBED_SWIFT_STANDARD_LIBRARIES = YES;
				BUNDLE_LOADER = "$(TEST_HOST)";
				CODE_SIGN_STYLE = Automatic;
				INFOPLIST_FILE = SoundAssistantTests/Info.plist;
				LD_RUNPATH_SEARCH_PATHS = (
					"$(inherited)",
					"@executable_path/Frameworks",
					"@loader_path/Frameworks",
				);
				PRODUCT_BUNDLE_IDENTIFIER = com.stephencao.project.SoundAssistantTests;
				PRODUCT_NAME = "$(TARGET_NAME)";
				SWIFT_VERSION = 5.0;
				TARGETED_DEVICE_FAMILY = "1,2";
				TEST_HOST = "$(BUILT_PRODUCTS_DIR)/SoundAssistant.app/SoundAssistant";
			};
			name = Release;
		};
		0DD8B82422A2858300FCDE86 /* Debug */ = {
			isa = XCBuildConfiguration;
			buildSettings = {
				ALWAYS_EMBED_SWIFT_STANDARD_LIBRARIES = YES;
				CODE_SIGN_STYLE = Automatic;
				INFOPLIST_FILE = SoundAssistantUITests/Info.plist;
				LD_RUNPATH_SEARCH_PATHS = (
					"$(inherited)",
					"@executable_path/Frameworks",
					"@loader_path/Frameworks",
				);
				PRODUCT_BUNDLE_IDENTIFIER = com.stephencao.project.SoundAssistantUITests;
				PRODUCT_NAME = "$(TARGET_NAME)";
				SWIFT_VERSION = 5.0;
				TARGETED_DEVICE_FAMILY = "1,2";
				TEST_TARGET_NAME = SoundAssistant;
			};
			name = Debug;
		};
		0DD8B82522A2858300FCDE86 /* Release */ = {
			isa = XCBuildConfiguration;
			buildSettings = {
				ALWAYS_EMBED_SWIFT_STANDARD_LIBRARIES = YES;
				CODE_SIGN_STYLE = Automatic;
				INFOPLIST_FILE = SoundAssistantUITests/Info.plist;
				LD_RUNPATH_SEARCH_PATHS = (
					"$(inherited)",
					"@executable_path/Frameworks",
					"@loader_path/Frameworks",
				);
				PRODUCT_BUNDLE_IDENTIFIER = com.stephencao.project.SoundAssistantUITests;
				PRODUCT_NAME = "$(TARGET_NAME)";
				SWIFT_VERSION = 5.0;
				TARGETED_DEVICE_FAMILY = "1,2";
				TEST_TARGET_NAME = SoundAssistant;
			};
			name = Release;
		};
/* End XCBuildConfiguration section */

/* Begin XCConfigurationList section */
		0DD8B7F022A2858100FCDE86 /* Build configuration list for PBXProject "SoundAssistant" */ = {
			isa = XCConfigurationList;
			buildConfigurations = (
				0DD8B81B22A2858300FCDE86 /* Debug */,
				0DD8B81C22A2858300FCDE86 /* Release */,
			);
			defaultConfigurationIsVisible = 0;
			defaultConfigurationName = Release;
		};
		0DD8B81D22A2858300FCDE86 /* Build configuration list for PBXNativeTarget "SoundAssistant" */ = {
			isa = XCConfigurationList;
			buildConfigurations = (
				0DD8B81E22A2858300FCDE86 /* Debug */,
				0DD8B81F22A2858300FCDE86 /* Release */,
			);
			defaultConfigurationIsVisible = 0;
			defaultConfigurationName = Release;
		};
		0DD8B82022A2858300FCDE86 /* Build configuration list for PBXNativeTarget "SoundAssistantTests" */ = {
			isa = XCConfigurationList;
			buildConfigurations = (
				0DD8B82122A2858300FCDE86 /* Debug */,
				0DD8B82222A2858300FCDE86 /* Release */,
			);
			defaultConfigurationIsVisible = 0;
			defaultConfigurationName = Release;
		};
		0DD8B82322A2858300FCDE86 /* Build configuration list for PBXNativeTarget "SoundAssistantUITests" */ = {
			isa = XCConfigurationList;
			buildConfigurations = (
				0DD8B82422A2858300FCDE86 /* Debug */,
				0DD8B82522A2858300FCDE86 /* Release */,
			);
			defaultConfigurationIsVisible = 0;
			defaultConfigurationName = Release;
		};
/* End XCConfigurationList section */
	};
	rootObject = 0DD8B7ED22A2858100FCDE86 /* Project object */;
}
